// !$*UTF8*$!
{
	archiveVersion = 1;
	classes = {
	};
	objectVersion = 48;
	objects = {

/* Begin PBXBuildFile section */
		52353D7E1FAB0ABC0095F1F9 /* AppDelegate.swift in Sources */ = {isa = PBXBuildFile; fileRef = 52353D7D1FAB0ABC0095F1F9 /* AppDelegate.swift */; };
		52353D801FAB0ABC0095F1F9 /* ViewController.swift in Sources */ = {isa = PBXBuildFile; fileRef = 52353D7F1FAB0ABC0095F1F9 /* ViewController.swift */; };
		52353D831FAB0ABC0095F1F9 /* Main.storyboard in Resources */ = {isa = PBXBuildFile; fileRef = 52353D811FAB0ABC0095F1F9 /* Main.storyboard */; };
		52353D851FAB0ABC0095F1F9 /* Assets.xcassets in Resources */ = {isa = PBXBuildFile; fileRef = 52353D841FAB0ABC0095F1F9 /* Assets.xcassets */; };
		52353D881FAB0ABC0095F1F9 /* LaunchScreen.storyboard in Resources */ = {isa = PBXBuildFile; fileRef = 52353D861FAB0ABC0095F1F9 /* LaunchScreen.storyboard */; };
		52353D931FAB0ABC0095F1F9 /* Hello_WorldTests.swift in Sources */ = {isa = PBXBuildFile; fileRef = 52353D921FAB0ABC0095F1F9 /* Hello_WorldTests.swift */; };
		52353D9E1FAB0ABC0095F1F9 /* Hello_WorldUITests.swift in Sources */ = {isa = PBXBuildFile; fileRef = 52353D9D1FAB0ABC0095F1F9 /* Hello_WorldUITests.swift */; };
/* End PBXBuildFile section */

/* Begin PBXContainerItemProxy section */
		52353D8F1FAB0ABC0095F1F9 /* PBXContainerItemProxy */ = {
			isa = PBXContainerItemProxy;
			containerPortal = 52353D721FAB0ABC0095F1F9 /* Project object */;
			proxyType = 1;
			remoteGlobalIDString = 52353D791FAB0ABC0095F1F9;
			remoteInfo = "Hello World";
		};
		52353D9A1FAB0ABC0095F1F9 /* PBXContainerItemProxy */ = {
			isa = PBXContainerItemProxy;
			containerPortal = 52353D721FAB0ABC0095F1F9 /* Project object */;
			proxyType = 1;
			remoteGlobalIDString = 52353D791FAB0ABC0095F1F9;
			remoteInfo = "Hello World";
		};
/* End PBXContainerItemProxy section */

/* Begin PBXFileReference section */
		52353D7A1FAB0ABC0095F1F9 /* Hello World.app */ = {isa = PBXFileReference; explicitFileType = wrapper.application; includeInIndex = 0; path = "Hello World.app"; sourceTree = BUILT_PRODUCTS_DIR; };
		52353D7D1FAB0ABC0095F1F9 /* AppDelegate.swift */ = {isa = PBXFileReference; lastKnownFileType = sourcecode.swift; path = AppDelegate.swift; sourceTree = "<group>"; };
		52353D7F1FAB0ABC0095F1F9 /* ViewController.swift */ = {isa = PBXFileReference; lastKnownFileType = sourcecode.swift; path = ViewController.swift; sourceTree = "<group>"; };
		52353D821FAB0ABC0095F1F9 /* Base */ = {isa = PBXFileReference; lastKnownFileType = file.storyboard; name = Base; path = Base.lproj/Main.storyboard; sourceTree = "<group>"; };
		52353D841FAB0ABC0095F1F9 /* Assets.xcassets */ = {isa = PBXFileReference; lastKnownFileType = folder.assetcatalog; path = Assets.xcassets; sourceTree = "<group>"; };
		52353D871FAB0ABC0095F1F9 /* Base */ = {isa = PBXFileReference; lastKnownFileType = file.storyboard; name = Base; path = Base.lproj/LaunchScreen.storyboard; sourceTree = "<group>"; };
		52353D891FAB0ABC0095F1F9 /* Info.plist */ = {isa = PBXFileReference; lastKnownFileType = text.plist.xml; path = Info.plist; sourceTree = "<group>"; };
		52353D8E1FAB0ABC0095F1F9 /* Hello WorldTests.xctest */ = {isa = PBXFileReference; explicitFileType = wrapper.cfbundle; includeInIndex = 0; path = "Hello WorldTests.xctest"; sourceTree = BUILT_PRODUCTS_DIR; };
		52353D921FAB0ABC0095F1F9 /* Hello_WorldTests.swift */ = {isa = PBXFileReference; lastKnownFileType = sourcecode.swift; path = Hello_WorldTests.swift; sourceTree = "<group>"; };
		52353D941FAB0ABC0095F1F9 /* Info.plist */ = {isa = PBXFileReference; lastKnownFileType = text.plist.xml; path = Info.plist; sourceTree = "<group>"; };
		52353D991FAB0ABC0095F1F9 /* Hello WorldUITests.xctest */ = {isa = PBXFileReference; explicitFileType = wrapper.cfbundle; includeInIndex = 0; path = "Hello WorldUITests.xctest"; sourceTree = BUILT_PRODUCTS_DIR; };
		52353D9D1FAB0ABC0095F1F9 /* Hello_WorldUITests.swift */ = {isa = PBXFileReference; lastKnownFileType = sourcecode.swift; path = Hello_WorldUITests.swift; sourceTree = "<group>"; };
		52353D9F1FAB0ABC0095F1F9 /* Info.plist */ = {isa = PBXFileReference; lastKnownFileType = text.plist.xml; path = Info.plist; sourceTree = "<group>"; };
/* End PBXFileReference section */

/* Begin PBXFrameworksBuildPhase section */
		52353D771FAB0ABC0095F1F9 /* Frameworks */ = {
			isa = PBXFrameworksBuildPhase;
			buildActionMask = 2147483647;
			files = (
			);
			runOnlyForDeploymentPostprocessing = 0;
		};
		52353D8B1FAB0ABC0095F1F9 /* Frameworks */ = {
			isa = PBXFrameworksBuildPhase;
			buildActionMask = 2147483647;
			files = (
			);
			runOnlyForDeploymentPostprocessing = 0;
		};
		52353D961FAB0ABC0095F1F9 /* Frameworks */ = {
			isa = PBXFrameworksBuildPhase;
			buildActionMask = 2147483647;
			files = (
			);
			runOnlyForDeploymentPostprocessing = 0;
		};
/* End PBXFrameworksBuildPhase section */

/* Begin PBXGroup section */
		52353D711FAB0ABC0095F1F9 = {
			isa = PBXGroup;
			children = (
				52353D7C1FAB0ABC0095F1F9 /* Hello World */,
				52353D911FAB0ABC0095F1F9 /* Hello WorldTests */,
				52353D9C1FAB0ABC0095F1F9 /* Hello WorldUITests */,
				52353D7B1FAB0ABC0095F1F9 /* Products */,
			);
			sourceTree = "<group>";
		};
		52353D7B1FAB0ABC0095F1F9 /* Products */ = {
			isa = PBXGroup;
			children = (
				52353D7A1FAB0ABC0095F1F9 /* Hello World.app */,
				52353D8E1FAB0ABC0095F1F9 /* Hello WorldTests.xctest */,
				52353D991FAB0ABC0095F1F9 /* Hello WorldUITests.xctest */,
			);
			name = Products;
			sourceTree = "<group>";
		};
		52353D7C1FAB0ABC0095F1F9 /* Hello World */ = {
			isa = PBXGroup;
			children = (
				52353D7D1FAB0ABC0095F1F9 /* AppDelegate.swift */,
				52353D7F1FAB0ABC0095F1F9 /* ViewController.swift */,
				52353D811FAB0ABC0095F1F9 /* Main.storyboard */,
				52353D841FAB0ABC0095F1F9 /* Assets.xcassets */,
				52353D861FAB0ABC0095F1F9 /* LaunchScreen.storyboard */,
				52353D891FAB0ABC0095F1F9 /* Info.plist */,
			);
			path = "Hello World";
			sourceTree = "<group>";
		};
		52353D911FAB0ABC0095F1F9 /* Hello WorldTests */ = {
			isa = PBXGroup;
			children = (
				52353D921FAB0ABC0095F1F9 /* Hello_WorldTests.swift */,
				52353D941FAB0ABC0095F1F9 /* Info.plist */,
			);
			path = "Hello WorldTests";
			sourceTree = "<group>";
		};
		52353D9C1FAB0ABC0095F1F9 /* Hello WorldUITests */ = {
			isa = PBXGroup;
			children = (
				52353D9D1FAB0ABC0095F1F9 /* Hello_WorldUITests.swift */,
				52353D9F1FAB0ABC0095F1F9 /* Info.plist */,
			);
			path = "Hello WorldUITests";
			sourceTree = "<group>";
		};
/* End PBXGroup section */

/* Begin PBXNativeTarget section */
		52353D791FAB0ABC0095F1F9 /* Hello World */ = {
			isa = PBXNativeTarget;
			buildConfigurationList = 52353DA21FAB0ABC0095F1F9 /* Build configuration list for PBXNativeTarget "Hello World" */;
			buildPhases = (
				52353D761FAB0ABC0095F1F9 /* Sources */,
				52353D771FAB0ABC0095F1F9 /* Frameworks */,
				52353D781FAB0ABC0095F1F9 /* Resources */,
			);
			buildRules = (
			);
			dependencies = (
			);
			name = "Hello World";
			productName = "Hello World";
			productReference = 52353D7A1FAB0ABC0095F1F9 /* Hello World.app */;
			productType = "com.apple.product-type.application";
		};
		52353D8D1FAB0ABC0095F1F9 /* Hello WorldTests */ = {
			isa = PBXNativeTarget;
			buildConfigurationList = 52353DA51FAB0ABC0095F1F9 /* Build configuration list for PBXNativeTarget "Hello WorldTests" */;
			buildPhases = (
				52353D8A1FAB0ABC0095F1F9 /* Sources */,
				52353D8B1FAB0ABC0095F1F9 /* Frameworks */,
				52353D8C1FAB0ABC0095F1F9 /* Resources */,
			);
			buildRules = (
			);
			dependencies = (
				52353D901FAB0ABC0095F1F9 /* PBXTargetDependency */,
			);
			name = "Hello WorldTests";
			productName = "Hello WorldTests";
			productReference = 52353D8E1FAB0ABC0095F1F9 /* Hello WorldTests.xctest */;
			productType = "com.apple.product-type.bundle.unit-test";
		};
		52353D981FAB0ABC0095F1F9 /* Hello WorldUITests */ = {
			isa = PBXNativeTarget;
			buildConfigurationList = 52353DA81FAB0ABC0095F1F9 /* Build configuration list for PBXNativeTarget "Hello WorldUITests" */;
			buildPhases = (
				52353D951FAB0ABC0095F1F9 /* Sources */,
				52353D961FAB0ABC0095F1F9 /* Frameworks */,
				52353D971FAB0ABC0095F1F9 /* Resources */,
			);
			buildRules = (
			);
			dependencies = (
				52353D9B1FAB0ABC0095F1F9 /* PBXTargetDependency */,
			);
			name = "Hello WorldUITests";
			productName = "Hello WorldUITests";
			productReference = 52353D991FAB0ABC0095F1F9 /* Hello WorldUITests.xctest */;
			productType = "com.apple.product-type.bundle.ui-testing";
		};
/* End PBXNativeTarget section */

/* Begin PBXProject section */
		52353D721FAB0ABC0095F1F9 /* Project object */ = {
			isa = PBXProject;
			attributes = {
				LastSwiftUpdateCheck = 0910;
				LastUpgradeCheck = 0910;
				ORGANIZATIONNAME = "Yaron Maman";
				TargetAttributes = {
					52353D791FAB0ABC0095F1F9 = {
						CreatedOnToolsVersion = 9.1;
						ProvisioningStyle = Automatic;
					};
					52353D8D1FAB0ABC0095F1F9 = {
						CreatedOnToolsVersion = 9.1;
						ProvisioningStyle = Automatic;
						TestTargetID = 52353D791FAB0ABC0095F1F9;
					};
					52353D981FAB0ABC0095F1F9 = {
						CreatedOnToolsVersion = 9.1;
						ProvisioningStyle = Automatic;
						TestTargetID = 52353D791FAB0ABC0095F1F9;
					};
				};
			};
			buildConfigurationList = 52353D751FAB0ABC0095F1F9 /* Build configuration list for PBXProject "Hello World" */;
			compatibilityVersion = "Xcode 8.0";
			developmentRegion = en;
			hasScannedForEncodings = 0;
			knownRegions = (
				en,
				Base,
			);
			mainGroup = 52353D711FAB0ABC0095F1F9;
			productRefGroup = 52353D7B1FAB0ABC0095F1F9 /* Products */;
			projectDirPath = "";
			projectRoot = "";
			targets = (
				52353D791FAB0ABC0095F1F9 /* Hello World */,
				52353D8D1FAB0ABC0095F1F9 /* Hello WorldTests */,
				52353D981FAB0ABC0095F1F9 /* Hello WorldUITests */,
			);
		};
/* End PBXProject section */

/* Begin PBXResourcesBuildPhase section */
		52353D781FAB0ABC0095F1F9 /* Resources */ = {
			isa = PBXResourcesBuildPhase;
			buildActionMask = 2147483647;
			files = (
				52353D881FAB0ABC0095F1F9 /* LaunchScreen.storyboard in Resources */,
				52353D851FAB0ABC0095F1F9 /* Assets.xcassets in Resources */,
				52353D831FAB0ABC0095F1F9 /* Main.storyboard in Resources */,
			);
			runOnlyForDeploymentPostprocessing = 0;
		};
		52353D8C1FAB0ABC0095F1F9 /* Resources */ = {
			isa = PBXResourcesBuildPhase;
			buildActionMask = 2147483647;
			files = (
			);
			runOnlyForDeploymentPostprocessing = 0;
		};
		52353D971FAB0ABC0095F1F9 /* Resources */ = {
			isa = PBXResourcesBuildPhase;
			buildActionMask = 2147483647;
			files = (
			);
			runOnlyForDeploymentPostprocessing = 0;
		};
/* End PBXResourcesBuildPhase section */

/* Begin PBXSourcesBuildPhase section */
		52353D761FAB0ABC0095F1F9 /* Sources */ = {
			isa = PBXSourcesBuildPhase;
			buildActionMask = 2147483647;
			files = (
				52353D801FAB0ABC0095F1F9 /* ViewController.swift in Sources */,
				52353D7E1FAB0ABC0095F1F9 /* AppDelegate.swift in Sources */,
			);
			runOnlyForDeploymentPostprocessing = 0;
		};
		52353D8A1FAB0ABC0095F1F9 /* Sources */ = {
			isa = PBXSourcesBuildPhase;
			buildActionMask = 2147483647;
			files = (
				52353D931FAB0ABC0095F1F9 /* Hello_WorldTests.swift in Sources */,
			);
			runOnlyForDeploymentPostprocessing = 0;
		};
		52353D951FAB0ABC0095F1F9 /* Sources */ = {
			isa = PBXSourcesBuildPhase;
			buildActionMask = 2147483647;
			files = (
				52353D9E1FAB0ABC0095F1F9 /* Hello_WorldUITests.swift in Sources */,
			);
			runOnlyForDeploymentPostprocessing = 0;
		};
/* End PBXSourcesBuildPhase section */

/* Begin PBXTargetDependency section */
		52353D901FAB0ABC0095F1F9 /* PBXTargetDependency */ = {
			isa = PBXTargetDependency;
			target = 52353D791FAB0ABC0095F1F9 /* Hello World */;
			targetProxy = 52353D8F1FAB0ABC0095F1F9 /* PBXContainerItemProxy */;
		};
		52353D9B1FAB0ABC0095F1F9 /* PBXTargetDependency */ = {
			isa = PBXTargetDependency;
			target = 52353D791FAB0ABC0095F1F9 /* Hello World */;
			targetProxy = 52353D9A1FAB0ABC0095F1F9 /* PBXContainerItemProxy */;
		};
/* End PBXTargetDependency section */

/* Begin PBXVariantGroup section */
		52353D811FAB0ABC0095F1F9 /* Main.storyboard */ = {
			isa = PBXVariantGroup;
			children = (
				52353D821FAB0ABC0095F1F9 /* Base */,
			);
			name = Main.storyboard;
			sourceTree = "<group>";
		};
		52353D861FAB0ABC0095F1F9 /* LaunchScreen.storyboard */ = {
			isa = PBXVariantGroup;
			children = (
				52353D871FAB0ABC0095F1F9 /* Base */,
			);
			name = LaunchScreen.storyboard;
			sourceTree = "<group>";
		};
/* End PBXVariantGroup section */

/* Begin XCBuildConfiguration section */
		52353DA01FAB0ABC0095F1F9 /* Debug */ = {
			isa = XCBuildConfiguration;
			buildSettings = {
				ALWAYS_SEARCH_USER_PATHS = NO;
				CLANG_ANALYZER_NONNULL = YES;
				CLANG_ANALYZER_NUMBER_OBJECT_CONVERSION = YES_AGGRESSIVE;
				CLANG_CXX_LANGUAGE_STANDARD = "gnu++14";
				CLANG_CXX_LIBRARY = "libc++";
				CLANG_ENABLE_MODULES = YES;
				CLANG_ENABLE_OBJC_ARC = YES;
				CLANG_WARN_BLOCK_CAPTURE_AUTORELEASING = YES;
				CLANG_WARN_BOOL_CONVERSION = YES;
				CLANG_WARN_COMMA = YES;
				CLANG_WARN_CONSTANT_CONVERSION = YES;
				CLANG_WARN_DIRECT_OBJC_ISA_USAGE = YES_ERROR;
				CLANG_WARN_DOCUMENTATION_COMMENTS = YES;
				CLANG_WARN_EMPTY_BODY = YES;
				CLANG_WARN_ENUM_CONVERSION = YES;
				CLANG_WARN_INFINITE_RECURSION = YES;
				CLANG_WARN_INT_CONVERSION = YES;
				CLANG_WARN_NON_LITERAL_NULL_CONVERSION = YES;
				CLANG_WARN_OBJC_LITERAL_CONVERSION = YES;
				CLANG_WARN_OBJC_ROOT_CLASS = YES_ERROR;
				CLANG_WARN_RANGE_LOOP_ANALYSIS = YES;
				CLANG_WARN_STRICT_PROTOTYPES = YES;
				CLANG_WARN_SUSPICIOUS_MOVE = YES;
				CLANG_WARN_UNGUARDED_AVAILABILITY = YES_AGGRESSIVE;
				CLANG_WARN_UNREACHABLE_CODE = YES;
				CLANG_WARN__DUPLICATE_METHOD_MATCH = YES;
				CODE_SIGN_IDENTITY = "iPhone Developer";
				COPY_PHASE_STRIP = NO;
				DEBUG_INFORMATION_FORMAT = dwarf;
				ENABLE_STRICT_OBJC_MSGSEND = YES;
				ENABLE_TESTABILITY = YES;
				GCC_C_LANGUAGE_STANDARD = gnu11;
				GCC_DYNAMIC_NO_PIC = NO;
				GCC_NO_COMMON_BLOCKS = YES;
				GCC_OPTIMIZATION_LEVEL = 0;
				GCC_PREPROCESSOR_DEFINITIONS = (
					"DEBUG=1",
					"$(inherited)",
				);
				GCC_WARN_64_TO_32_BIT_CONVERSION = YES;
				GCC_WARN_ABOUT_RETURN_TYPE = YES_ERROR;
				GCC_WARN_UNDECLARED_SELECTOR = YES;
				GCC_WARN_UNINITIALIZED_AUTOS = YES_AGGRESSIVE;
				GCC_WARN_UNUSED_FUNCTION = YES;
				GCC_WARN_UNUSED_VARIABLE = YES;
				IPHONEOS_DEPLOYMENT_TARGET = 11.1;
				MTL_ENABLE_DEBUG_INFO = YES;
				ONLY_ACTIVE_ARCH = YES;
				SDKROOT = iphoneos;
				SWIFT_ACTIVE_COMPILATION_CONDITIONS = DEBUG;
				SWIFT_OPTIMIZATION_LEVEL = "-Onone";
			};
			name = Debug;
		};
		52353DA11FAB0ABC0095F1F9 /* Release */ = {
			isa = XCBuildConfiguration;
			buildSettings = {
				ALWAYS_SEARCH_USER_PATHS = NO;
				CLANG_ANALYZER_NONNULL = YES;
				CLANG_ANALYZER_NUMBER_OBJECT_CONVERSION = YES_AGGRESSIVE;
				CLANG_CXX_LANGUAGE_STANDARD = "gnu++14";
				CLANG_CXX_LIBRARY = "libc++";
				CLANG_ENABLE_MODULES = YES;
				CLANG_ENABLE_OBJC_ARC = YES;
				CLANG_WARN_BLOCK_CAPTURE_AUTORELEASING = YES;
				CLANG_WARN_BOOL_CONVERSION = YES;
				CLANG_WARN_COMMA = YES;
				CLANG_WARN_CONSTANT_CONVERSION = YES;
				CLANG_WARN_DIRECT_OBJC_ISA_USAGE = YES_ERROR;
				CLANG_WARN_DOCUMENTATION_COMMENTS = YES;
				CLANG_WARN_EMPTY_BODY = YES;
				CLANG_WARN_ENUM_CONVERSION = YES;
				CLANG_WARN_INFINITE_RECURSION = YES;
				CLANG_WARN_INT_CONVERSION = YES;
				CLANG_WARN_NON_LITERAL_NULL_CONVERSION = YES;
				CLANG_WARN_OBJC_LITERAL_CONVERSION = YES;
				CLANG_WARN_OBJC_ROOT_CLASS = YES_ERROR;
				CLANG_WARN_RANGE_LOOP_ANALYSIS = YES;
				CLANG_WARN_STRICT_PROTOTYPES = YES;
				CLANG_WARN_SUSPICIOUS_MOVE = YES;
				CLANG_WARN_UNGUARDED_AVAILABILITY = YES_AGGRESSIVE;
				CLANG_WARN_UNREACHABLE_CODE = YES;
				CLANG_WARN__DUPLICATE_METHOD_MATCH = YES;
				CODE_SIGN_IDENTITY = "iPhone Developer";
				COPY_PHASE_STRIP = NO;
				DEBUG_INFORMATION_FORMAT = "dwarf-with-dsym";
				ENABLE_NS_ASSERTIONS = NO;
				ENABLE_STRICT_OBJC_MSGSEND = YES;
				GCC_C_LANGUAGE_STANDARD = gnu11;
				GCC_NO_COMMON_BLOCKS = YES;
				GCC_WARN_64_TO_32_BIT_CONVERSION = YES;
				GCC_WARN_ABOUT_RETURN_TYPE = YES_ERROR;
				GCC_WARN_UNDECLARED_SELECTOR = YES;
				GCC_WARN_UNINITIALIZED_AUTOS = YES_AGGRESSIVE;
				GCC_WARN_UNUSED_FUNCTION = YES;
				GCC_WARN_UNUSED_VARIABLE = YES;
				IPHONEOS_DEPLOYMENT_TARGET = 11.1;
				MTL_ENABLE_DEBUG_INFO = NO;
				SDKROOT = iphoneos;
				SWIFT_OPTIMIZATION_LEVEL = "-Owholemodule";
				VALIDATE_PRODUCT = YES;
			};
			name = Release;
		};
		52353DA31FAB0ABC0095F1F9 /* Debug */ = {
			isa = XCBuildConfiguration;
			buildSettings = {
				ASSETCATALOG_COMPILER_APPICON_NAME = AppIcon;
				CODE_SIGN_STYLE = Automatic;
				INFOPLIST_FILE = "Hello World/Info.plist";
				LD_RUNPATH_SEARCH_PATHS = "$(inherited) @executable_path/Frameworks";
				PRODUCT_BUNDLE_IDENTIFIER = "developpers-institute.Hello-World";
				PRODUCT_NAME = "$(TARGET_NAME)";
				SWIFT_VERSION = 4.0;
				TARGETED_DEVICE_FAMILY = "1,2";
			};
			name = Debug;
		};
		52353DA41FAB0ABC0095F1F9 /* Release */ = {
			isa = XCBuildConfiguration;
			buildSettings = {
				ASSETCATALOG_COMPILER_APPICON_NAME = AppIcon;
				CODE_SIGN_STYLE = Automatic;
				INFOPLIST_FILE = "Hello World/Info.plist";
				LD_RUNPATH_SEARCH_PATHS = "$(inherited) @executable_path/Frameworks";
				PRODUCT_BUNDLE_IDENTIFIER = "developpers-institute.Hello-World";
				PRODUCT_NAME = "$(TARGET_NAME)";
				SWIFT_VERSION = 4.0;
				TARGETED_DEVICE_FAMILY = "1,2";
			};
			name = Release;
		};
		52353DA61FAB0ABC0095F1F9 /* Debug */ = {
			isa = XCBuildConfiguration;
			buildSettings = {
				ALWAYS_EMBED_SWIFT_STANDARD_LIBRARIES = YES;
				BUNDLE_LOADER = "$(TEST_HOST)";
				CODE_SIGN_STYLE = Automatic;
				INFOPLIST_FILE = "Hello WorldTests/Info.plist";
				LD_RUNPATH_SEARCH_PATHS = "$(inherited) @executable_path/Frameworks @loader_path/Frameworks";
				PRODUCT_BUNDLE_IDENTIFIER = "developpers-institute.Hello-WorldTests";
				PRODUCT_NAME = "$(TARGET_NAME)";
				SWIFT_VERSION = 4.0;
				TARGETED_DEVICE_FAMILY = "1,2";
				TEST_HOST = "$(BUILT_PRODUCTS_DIR)/Hello World.app/Hello World";
			};
			name = Debug;
		};
		52353DA71FAB0ABC0095F1F9 /* Release */ = {
			isa = XCBuildConfiguration;
			buildSettings = {
				ALWAYS_EMBED_SWIFT_STANDARD_LIBRARIES = YES;
				BUNDLE_LOADER = "$(TEST_HOST)";
				CODE_SIGN_STYLE = Automatic;
				INFOPLIST_FILE = "Hello WorldTests/Info.plist";
				LD_RUNPATH_SEARCH_PATHS = "$(inherited) @executable_path/Frameworks @loader_path/Frameworks";
				PRODUCT_BUNDLE_IDENTIFIER = "developpers-institute.Hello-WorldTests";
				PRODUCT_NAME = "$(TARGET_NAME)";
				SWIFT_VERSION = 4.0;
				TARGETED_DEVICE_FAMILY = "1,2";
				TEST_HOST = "$(BUILT_PRODUCTS_DIR)/Hello World.app/Hello World";
			};
			name = Release;
		};
		52353DA91FAB0ABC0095F1F9 /* Debug */ = {
			isa = XCBuildConfiguration;
			buildSettings = {
				ALWAYS_EMBED_SWIFT_STANDARD_LIBRARIES = YES;
				CODE_SIGN_STYLE = Automatic;
				INFOPLIST_FILE = "Hello WorldUITests/Info.plist";
				LD_RUNPATH_SEARCH_PATHS = "$(inherited) @executable_path/Frameworks @loader_path/Frameworks";
				PRODUCT_BUNDLE_IDENTIFIER = "developpers-institute.Hello-WorldUITests";
				PRODUCT_NAME = "$(TARGET_NAME)";
				SWIFT_VERSION = 4.0;
				TARGETED_DEVICE_FAMILY = "1,2";
				TEST_TARGET_NAME = "Hello World";
			};
			name = Debug;
		};
		52353DAA1FAB0ABC0095F1F9 /* Release */ = {
			isa = XCBuildConfiguration;
			buildSettings = {
				ALWAYS_EMBED_SWIFT_STANDARD_LIBRARIES = YES;
				CODE_SIGN_STYLE = Automatic;
				INFOPLIST_FILE = "Hello WorldUITests/Info.plist";
				LD_RUNPATH_SEARCH_PATHS = "$(inherited) @executable_path/Frameworks @loader_path/Frameworks";
				PRODUCT_BUNDLE_IDENTIFIER = "developpers-institute.Hello-WorldUITests";
				PRODUCT_NAME = "$(TARGET_NAME)";
				SWIFT_VERSION = 4.0;
				TARGETED_DEVICE_FAMILY = "1,2";
				TEST_TARGET_NAME = "Hello World";
			};
			name = Release;
		};
/* End XCBuildConfiguration section */

/* Begin XCConfigurationList section */
		52353D751FAB0ABC0095F1F9 /* Build configuration list for PBXProject "Hello World" */ = {
			isa = XCConfigurationList;
			buildConfigurations = (
				52353DA01FAB0ABC0095F1F9 /* Debug */,
				52353DA11FAB0ABC0095F1F9 /* Release */,
			);
			defaultConfigurationIsVisible = 0;
			defaultConfigurationName = Release;
		};
		52353DA21FAB0ABC0095F1F9 /* Build configuration list for PBXNativeTarget "Hello World" */ = {
			isa = XCConfigurationList;
			buildConfigurations = (
				52353DA31FAB0ABC0095F1F9 /* Debug */,
				52353DA41FAB0ABC0095F1F9 /* Release */,
			);
			defaultConfigurationIsVisible = 0;
			defaultConfigurationName = Release;
		};
		52353DA51FAB0ABC0095F1F9 /* Build configuration list for PBXNativeTarget "Hello WorldTests" */ = {
			isa = XCConfigurationList;
			buildConfigurations = (
				52353DA61FAB0ABC0095F1F9 /* Debug */,
				52353DA71FAB0ABC0095F1F9 /* Release */,
			);
			defaultConfigurationIsVisible = 0;
			defaultConfigurationName = Release;
		};
		52353DA81FAB0ABC0095F1F9 /* Build configuration list for PBXNativeTarget "Hello WorldUITests" */ = {
			isa = XCConfigurationList;
			buildConfigurations = (
				52353DA91FAB0ABC0095F1F9 /* Debug */,
				52353DAA1FAB0ABC0095F1F9 /* Release */,
			);
			defaultConfigurationIsVisible = 0;
			defaultConfigurationName = Release;
		};
/* End XCConfigurationList section */
	};
	rootObject = 52353D721FAB0ABC0095F1F9 /* Project object */;
}
